// !$*UTF8*$!
{
	archiveVersion = 1;
	classes = {
	};
	objectVersion = 50;
	objects = {

/* Begin PBXBuildFile section */
		BB1E367A2689D93000762BB4 /* UITextField+Extension.swift in Sources */ = {isa = PBXBuildFile; fileRef = BB1E36792689D93000762BB4 /* UITextField+Extension.swift */; };
		BB5B875E268E072900E4CBA4 /* Assets.swift in Sources */ = {isa = PBXBuildFile; fileRef = BB5B875C268E072900E4CBA4 /* Assets.swift */; };
		BB5B875F268E072900E4CBA4 /* Fonts.swift in Sources */ = {isa = PBXBuildFile; fileRef = BB5B875D268E072900E4CBA4 /* Fonts.swift */; };
		BB5B8766268E12B800E4CBA4 /* Localizable.strings in Resources */ = {isa = PBXBuildFile; fileRef = BB5B8768268E12B800E4CBA4 /* Localizable.strings */; };
		BB9EBDA52685E0CD00BD5CF5 /* AppDelegate.swift in Sources */ = {isa = PBXBuildFile; fileRef = BB9EBDA42685E0CD00BD5CF5 /* AppDelegate.swift */; };
		BB9EBDA72685E0CD00BD5CF5 /* SceneDelegate.swift in Sources */ = {isa = PBXBuildFile; fileRef = BB9EBDA62685E0CD00BD5CF5 /* SceneDelegate.swift */; };
		BB9EBDAE2685E0D600BD5CF5 /* Assets.xcassets in Resources */ = {isa = PBXBuildFile; fileRef = BB9EBDAD2685E0D600BD5CF5 /* Assets.xcassets */; };
		BB9EBDB12685E0D700BD5CF5 /* LaunchScreen.storyboard in Resources */ = {isa = PBXBuildFile; fileRef = BB9EBDAF2685E0D700BD5CF5 /* LaunchScreen.storyboard */; };
		BBA89F88268CA13800FFA128 /* PeriodView.swift in Sources */ = {isa = PBXBuildFile; fileRef = BBA89F87268CA13800FFA128 /* PeriodView.swift */; };
		BBBD6A4C268B6587009006EA /* PeriodViewController.swift in Sources */ = {isa = PBXBuildFile; fileRef = BBBD6A4B268B6587009006EA /* PeriodViewController.swift */; };
		BBEDB8A3268B2B5D001C3F38 /* Inter-Regular.otf in Resources */ = {isa = PBXBuildFile; fileRef = BBEDB89F268B0F38001C3F38 /* Inter-Regular.otf */; };
		BBEDB8A6268B2F79001C3F38 /* SF Pro Text.ttf in Resources */ = {isa = PBXBuildFile; fileRef = BBEDB8A5268B2F79001C3F38 /* SF Pro Text.ttf */; };
/* End PBXBuildFile section */

/* Begin PBXFileReference section */
		BB1E36792689D93000762BB4 /* UITextField+Extension.swift */ = {isa = PBXFileReference; lastKnownFileType = sourcecode.swift; path = "UITextField+Extension.swift"; sourceTree = "<group>"; };
		BB5B875C268E072900E4CBA4 /* Assets.swift */ = {isa = PBXFileReference; fileEncoding = 4; lastKnownFileType = sourcecode.swift; path = Assets.swift; sourceTree = "<group>"; };
		BB5B875D268E072900E4CBA4 /* Fonts.swift */ = {isa = PBXFileReference; fileEncoding = 4; lastKnownFileType = sourcecode.swift; path = Fonts.swift; sourceTree = "<group>"; };
		BB5B8767268E12B800E4CBA4 /* en */ = {isa = PBXFileReference; lastKnownFileType = text.plist.strings; name = en; path = en.lproj/Localizable.strings; sourceTree = "<group>"; };
		BB5B876A268E12DB00E4CBA4 /* ru */ = {isa = PBXFileReference; lastKnownFileType = text.plist.strings; name = ru; path = ru.lproj/LaunchScreen.strings; sourceTree = "<group>"; };
		BB5B876B268E12DB00E4CBA4 /* ru */ = {isa = PBXFileReference; lastKnownFileType = text.plist.strings; name = ru; path = ru.lproj/Localizable.strings; sourceTree = "<group>"; };
		BB9EBDA12685E0CD00BD5CF5 /* period.app */ = {isa = PBXFileReference; explicitFileType = wrapper.application; includeInIndex = 0; path = period.app; sourceTree = BUILT_PRODUCTS_DIR; };
		BB9EBDA42685E0CD00BD5CF5 /* AppDelegate.swift */ = {isa = PBXFileReference; lastKnownFileType = sourcecode.swift; path = AppDelegate.swift; sourceTree = "<group>"; };
		BB9EBDA62685E0CD00BD5CF5 /* SceneDelegate.swift */ = {isa = PBXFileReference; lastKnownFileType = sourcecode.swift; path = SceneDelegate.swift; sourceTree = "<group>"; };
		BB9EBDAD2685E0D600BD5CF5 /* Assets.xcassets */ = {isa = PBXFileReference; lastKnownFileType = folder.assetcatalog; path = Assets.xcassets; sourceTree = "<group>"; };
		BB9EBDB02685E0D700BD5CF5 /* Base */ = {isa = PBXFileReference; lastKnownFileType = file.storyboard; name = Base; path = Base.lproj/LaunchScreen.storyboard; sourceTree = "<group>"; };
		BB9EBDB22685E0D700BD5CF5 /* Info.plist */ = {isa = PBXFileReference; lastKnownFileType = text.plist.xml; path = Info.plist; sourceTree = "<group>"; };
		BBA89F87268CA13800FFA128 /* PeriodView.swift */ = {isa = PBXFileReference; lastKnownFileType = sourcecode.swift; path = PeriodView.swift; sourceTree = "<group>"; };
		BBBD6A4B268B6587009006EA /* PeriodViewController.swift */ = {isa = PBXFileReference; lastKnownFileType = sourcecode.swift; path = PeriodViewController.swift; sourceTree = "<group>"; };
		BBEDB89F268B0F38001C3F38 /* Inter-Regular.otf */ = {isa = PBXFileReference; lastKnownFileType = file; path = "Inter-Regular.otf"; sourceTree = "<group>"; };
		BBEDB8A5268B2F79001C3F38 /* SF Pro Text.ttf */ = {isa = PBXFileReference; lastKnownFileType = file; path = "SF Pro Text.ttf"; sourceTree = "<group>"; };
/* End PBXFileReference section */

/* Begin PBXFrameworksBuildPhase section */
		BB9EBD9E2685E0CD00BD5CF5 /* Frameworks */ = {
			isa = PBXFrameworksBuildPhase;
			buildActionMask = 2147483647;
			files = (
			);
			runOnlyForDeploymentPostprocessing = 0;
		};
/* End PBXFrameworksBuildPhase section */

/* Begin PBXGroup section */
		BB5B8759268E066800E4CBA4 /* Generated */ = {
			isa = PBXGroup;
			children = (
				BB5B875C268E072900E4CBA4 /* Assets.swift */,
				BB5B875D268E072900E4CBA4 /* Fonts.swift */,
			);
			path = Generated;
			sourceTree = "<group>";
		};
		BB9EBD982685E0CD00BD5CF5 = {
			isa = PBXGroup;
			children = (
				BB9EBDA32685E0CD00BD5CF5 /* period */,
				BB9EBDA22685E0CD00BD5CF5 /* Products */,
			);
			sourceTree = "<group>";
		};
		BB9EBDA22685E0CD00BD5CF5 /* Products */ = {
			isa = PBXGroup;
			children = (
				BB9EBDA12685E0CD00BD5CF5 /* period.app */,
			);
			name = Products;
			sourceTree = "<group>";
		};
		BB9EBDA32685E0CD00BD5CF5 /* period */ = {
			isa = PBXGroup;
			children = (
				BBA89F87268CA13800FFA128 /* PeriodView.swift */,
				BBBD6A4B268B6587009006EA /* PeriodViewController.swift */,
				BB1E36792689D93000762BB4 /* UITextField+Extension.swift */,
				BB5B8759268E066800E4CBA4 /* Generated */,
				BBEDB89E268B0F15001C3F38 /* Resources */,
				BBBD6A46268B5703009006EA /* AppFiles */,
				BB9EBDB22685E0D700BD5CF5 /* Info.plist */,
			);
			path = period;
			sourceTree = "<group>";
		};
		BBBD6A46268B5703009006EA /* AppFiles */ = {
			isa = PBXGroup;
			children = (
				BB9EBDA42685E0CD00BD5CF5 /* AppDelegate.swift */,
				BB9EBDA62685E0CD00BD5CF5 /* SceneDelegate.swift */,
				BB9EBDAF2685E0D700BD5CF5 /* LaunchScreen.storyboard */,
			);
			path = AppFiles;
			sourceTree = "<group>";
		};
		BBEDB89E268B0F15001C3F38 /* Resources */ = {
			isa = PBXGroup;
			children = (
				BBEDB8A1268B15B2001C3F38 /* Fonts */,
				BB9EBDAD2685E0D600BD5CF5 /* Assets.xcassets */,
				BB5B8768268E12B800E4CBA4 /* Localizable.strings */,
			);
			path = Resources;
			sourceTree = "<group>";
		};
		BBEDB8A1268B15B2001C3F38 /* Fonts */ = {
			isa = PBXGroup;
			children = (
				BBEDB8A5268B2F79001C3F38 /* SF Pro Text.ttf */,
				BBEDB89F268B0F38001C3F38 /* Inter-Regular.otf */,
			);
			path = Fonts;
			sourceTree = "<group>";
		};
/* End PBXGroup section */

/* Begin PBXNativeTarget section */
		BB9EBDA02685E0CD00BD5CF5 /* period */ = {
			isa = PBXNativeTarget;
			buildConfigurationList = BB9EBDB52685E0D700BD5CF5 /* Build configuration list for PBXNativeTarget "period" */;
			buildPhases = (
				BB5B8755268E00F200E4CBA4 /* Swiftgen */,
				BB9EBD9D2685E0CD00BD5CF5 /* Sources */,
				BB9EBD9E2685E0CD00BD5CF5 /* Frameworks */,
				BB9EBD9F2685E0CD00BD5CF5 /* Resources */,
			);
			buildRules = (
			);
			dependencies = (
			);
			name = period;
			productName = period;
			productReference = BB9EBDA12685E0CD00BD5CF5 /* period.app */;
			productType = "com.apple.product-type.application";
		};
/* End PBXNativeTarget section */

/* Begin PBXProject section */
		BB9EBD992685E0CD00BD5CF5 /* Project object */ = {
			isa = PBXProject;
			attributes = {
				LastSwiftUpdateCheck = 1230;
				LastUpgradeCheck = 1230;
				TargetAttributes = {
					BB9EBDA02685E0CD00BD5CF5 = {
						CreatedOnToolsVersion = 12.3;
					};
				};
			};
			buildConfigurationList = BB9EBD9C2685E0CD00BD5CF5 /* Build configuration list for PBXProject "period" */;
			compatibilityVersion = "Xcode 9.3";
			developmentRegion = en;
			hasScannedForEncodings = 0;
			knownRegions = (
				en,
				Base,
				ru,
			);
			mainGroup = BB9EBD982685E0CD00BD5CF5;
			productRefGroup = BB9EBDA22685E0CD00BD5CF5 /* Products */;
			projectDirPath = "";
			projectRoot = "";
			targets = (
				BB9EBDA02685E0CD00BD5CF5 /* period */,
			);
		};
/* End PBXProject section */

/* Begin PBXResourcesBuildPhase section */
		BB9EBD9F2685E0CD00BD5CF5 /* Resources */ = {
			isa = PBXResourcesBuildPhase;
			buildActionMask = 2147483647;
			files = (
				BB9EBDB12685E0D700BD5CF5 /* LaunchScreen.storyboard in Resources */,
				BBEDB8A3268B2B5D001C3F38 /* Inter-Regular.otf in Resources */,
				BBEDB8A6268B2F79001C3F38 /* SF Pro Text.ttf in Resources */,
				BB9EBDAE2685E0D600BD5CF5 /* Assets.xcassets in Resources */,
				BB5B8766268E12B800E4CBA4 /* Localizable.strings in Resources */,
			);
			runOnlyForDeploymentPostprocessing = 0;
		};
/* End PBXResourcesBuildPhase section */

/* Begin PBXShellScriptBuildPhase section */
		BB5B8755268E00F200E4CBA4 /* Swiftgen */ = {
			isa = PBXShellScriptBuildPhase;
			buildActionMask = 2147483647;
			files = (
			);
			inputFileListPaths = (
			);
			inputPaths = (
			);
			name = Swiftgen;
			outputFileListPaths = (
			);
			outputPaths = (
			);
			runOnlyForDeploymentPostprocessing = 0;
			shellPath = /bin/sh;
			shellScript = "swiftgen config run --config swiftgen/swiftgen.yml\n";
		};
/* End PBXShellScriptBuildPhase section */

/* Begin PBXSourcesBuildPhase section */
		BB9EBD9D2685E0CD00BD5CF5 /* Sources */ = {
			isa = PBXSourcesBuildPhase;
			buildActionMask = 2147483647;
			files = (
				BB5B875F268E072900E4CBA4 /* Fonts.swift in Sources */,
				BBBD6A4C268B6587009006EA /* PeriodViewController.swift in Sources */,
				BB1E367A2689D93000762BB4 /* UITextField+Extension.swift in Sources */,
				BB5B875E268E072900E4CBA4 /* Assets.swift in Sources */,
				BBA89F88268CA13800FFA128 /* PeriodView.swift in Sources */,
				BB9EBDA52685E0CD00BD5CF5 /* AppDelegate.swift in Sources */,
				BB9EBDA72685E0CD00BD5CF5 /* SceneDelegate.swift in Sources */,
			);
			runOnlyForDeploymentPostprocessing = 0;
		};
/* End PBXSourcesBuildPhase section */

/* Begin PBXVariantGroup section */
		BB5B8768268E12B800E4CBA4 /* Localizable.strings */ = {
			isa = PBXVariantGroup;
			children = (
				BB5B8767268E12B800E4CBA4 /* en */,
				BB5B876B268E12DB00E4CBA4 /* ru */,
			);
			name = Localizable.strings;
			sourceTree = "<group>";
		};
		BB9EBDAF2685E0D700BD5CF5 /* LaunchScreen.storyboard */ = {
			isa = PBXVariantGroup;
			children = (
				BB9EBDB02685E0D700BD5CF5 /* Base */,
				BB5B876A268E12DB00E4CBA4 /* ru */,
			);
			name = LaunchScreen.storyboard;
			sourceTree = "<group>";
		};
/* End PBXVariantGroup section */

/* Begin XCBuildConfiguration section */
		BB9EBDB32685E0D700BD5CF5 /* Debug */ = {
			isa = XCBuildConfiguration;
			buildSettings = {
				ALWAYS_SEARCH_USER_PATHS = NO;
				CLANG_ANALYZER_LOCALIZABILITY_NONLOCALIZED = YES;
				CLANG_ANALYZER_NONNULL = YES;
				CLANG_ANALYZER_NUMBER_OBJECT_CONVERSION = YES_AGGRESSIVE;
				CLANG_CXX_LANGUAGE_STANDARD = "gnu++14";
				CLANG_CXX_LIBRARY = "libc++";
				CLANG_ENABLE_MODULES = YES;
				CLANG_ENABLE_OBJC_ARC = YES;
				CLANG_ENABLE_OBJC_WEAK = YES;
				CLANG_WARN_BLOCK_CAPTURE_AUTORELEASING = YES;
				CLANG_WARN_BOOL_CONVERSION = YES;
				CLANG_WARN_COMMA = YES;
				CLANG_WARN_CONSTANT_CONVERSION = YES;
				CLANG_WARN_DEPRECATED_OBJC_IMPLEMENTATIONS = YES;
				CLANG_WARN_DIRECT_OBJC_ISA_USAGE = YES_ERROR;
				CLANG_WARN_DOCUMENTATION_COMMENTS = YES;
				CLANG_WARN_EMPTY_BODY = YES;
				CLANG_WARN_ENUM_CONVERSION = YES;
				CLANG_WARN_INFINITE_RECURSION = YES;
				CLANG_WARN_INT_CONVERSION = YES;
				CLANG_WARN_NON_LITERAL_NULL_CONVERSION = YES;
				CLANG_WARN_OBJC_IMPLICIT_RETAIN_SELF = YES;
				CLANG_WARN_OBJC_LITERAL_CONVERSION = YES;
				CLANG_WARN_OBJC_ROOT_CLASS = YES_ERROR;
				CLANG_WARN_QUOTED_INCLUDE_IN_FRAMEWORK_HEADER = YES;
				CLANG_WARN_RANGE_LOOP_ANALYSIS = YES;
				CLANG_WARN_STRICT_PROTOTYPES = YES;
				CLANG_WARN_SUSPICIOUS_MOVE = YES;
				CLANG_WARN_UNGUARDED_AVAILABILITY = YES_AGGRESSIVE;
				CLANG_WARN_UNREACHABLE_CODE = YES;
				CLANG_WARN__DUPLICATE_METHOD_MATCH = YES;
				COPY_PHASE_STRIP = NO;
				DEBUG_INFORMATION_FORMAT = dwarf;
				ENABLE_STRICT_OBJC_MSGSEND = YES;
				ENABLE_TESTABILITY = YES;
				GCC_C_LANGUAGE_STANDARD = gnu11;
				GCC_DYNAMIC_NO_PIC = NO;
				GCC_NO_COMMON_BLOCKS = YES;
				GCC_OPTIMIZATION_LEVEL = 0;
				GCC_PREPROCESSOR_DEFINITIONS = (
					"DEBUG=1",
					"$(inherited)",
				);
				GCC_WARN_64_TO_32_BIT_CONVERSION = YES;
				GCC_WARN_ABOUT_RETURN_TYPE = YES_ERROR;
				GCC_WARN_UNDECLARED_SELECTOR = YES;
				GCC_WARN_UNINITIALIZED_AUTOS = YES_AGGRESSIVE;
				GCC_WARN_UNUSED_FUNCTION = YES;
				GCC_WARN_UNUSED_VARIABLE = YES;
				IPHONEOS_DEPLOYMENT_TARGET = 14.3;
				MTL_ENABLE_DEBUG_INFO = INCLUDE_SOURCE;
				MTL_FAST_MATH = YES;
				ONLY_ACTIVE_ARCH = YES;
				SDKROOT = iphoneos;
				SWIFT_ACTIVE_COMPILATION_CONDITIONS = DEBUG;
				SWIFT_OPTIMIZATION_LEVEL = "-Onone";
			};
			name = Debug;
		};
		BB9EBDB42685E0D700BD5CF5 /* Release */ = {
			isa = XCBuildConfiguration;
			buildSettings = {
				ALWAYS_SEARCH_USER_PATHS = NO;
				CLANG_ANALYZER_LOCALIZABILITY_NONLOCALIZED = YES;
				CLANG_ANALYZER_NONNULL = YES;
				CLANG_ANALYZER_NUMBER_OBJECT_CONVERSION = YES_AGGRESSIVE;
				CLANG_CXX_LANGUAGE_STANDARD = "gnu++14";
				CLANG_CXX_LIBRARY = "libc++";
				CLANG_ENABLE_MODULES = YES;
				CLANG_ENABLE_OBJC_ARC = YES;
				CLANG_ENABLE_OBJC_WEAK = YES;
				CLANG_WARN_BLOCK_CAPTURE_AUTORELEASING = YES;
				CLANG_WARN_BOOL_CONVERSION = YES;
				CLANG_WARN_COMMA = YES;
				CLANG_WARN_CONSTANT_CONVERSION = YES;
				CLANG_WARN_DEPRECATED_OBJC_IMPLEMENTATIONS = YES;
				CLANG_WARN_DIRECT_OBJC_ISA_USAGE = YES_ERROR;
				CLANG_WARN_DOCUMENTATION_COMMENTS = YES;
				CLANG_WARN_EMPTY_BODY = YES;
				CLANG_WARN_ENUM_CONVERSION = YES;
				CLANG_WARN_INFINITE_RECURSION = YES;
				CLANG_WARN_INT_CONVERSION = YES;
				CLANG_WARN_NON_LITERAL_NULL_CONVERSION = YES;
				CLANG_WARN_OBJC_IMPLICIT_RETAIN_SELF = YES;
				CLANG_WARN_OBJC_LITERAL_CONVERSION = YES;
				CLANG_WARN_OBJC_ROOT_CLASS = YES_ERROR;
				CLANG_WARN_QUOTED_INCLUDE_IN_FRAMEWORK_HEADER = YES;
				CLANG_WARN_RANGE_LOOP_ANALYSIS = YES;
				CLANG_WARN_STRICT_PROTOTYPES = YES;
				CLANG_WARN_SUSPICIOUS_MOVE = YES;
				CLANG_WARN_UNGUARDED_AVAILABILITY = YES_AGGRESSIVE;
				CLANG_WARN_UNREACHABLE_CODE = YES;
				CLANG_WARN__DUPLICATE_METHOD_MATCH = YES;
				COPY_PHASE_STRIP = NO;
				DEBUG_INFORMATION_FORMAT = "dwarf-with-dsym";
				ENABLE_NS_ASSERTIONS = NO;
				ENABLE_STRICT_OBJC_MSGSEND = YES;
				GCC_C_LANGUAGE_STANDARD = gnu11;
				GCC_NO_COMMON_BLOCKS = YES;
				GCC_WARN_64_TO_32_BIT_CONVERSION = YES;
				GCC_WARN_ABOUT_RETURN_TYPE = YES_ERROR;
				GCC_WARN_UNDECLARED_SELECTOR = YES;
				GCC_WARN_UNINITIALIZED_AUTOS = YES_AGGRESSIVE;
				GCC_WARN_UNUSED_FUNCTION = YES;
				GCC_WARN_UNUSED_VARIABLE = YES;
				IPHONEOS_DEPLOYMENT_TARGET = 14.3;
				MTL_ENABLE_DEBUG_INFO = NO;
				MTL_FAST_MATH = YES;
				SDKROOT = iphoneos;
				SWIFT_COMPILATION_MODE = wholemodule;
				SWIFT_OPTIMIZATION_LEVEL = "-O";
				VALIDATE_PRODUCT = YES;
			};
			name = Release;
		};
		BB9EBDB62685E0D700BD5CF5 /* Debug */ = {
			isa = XCBuildConfiguration;
			buildSettings = {
				ASSETCATALOG_COMPILER_APPICON_NAME = AppIcon;
				ASSETCATALOG_COMPILER_GLOBAL_ACCENT_COLOR_NAME = AccentColor;
				CODE_SIGN_STYLE = Automatic;
				DEVELOPMENT_TEAM = 9U2BQ8RU3L;
				INFOPLIST_FILE = period/Info.plist;
				IPHONEOS_DEPLOYMENT_TARGET = 13.1;
				LD_RUNPATH_SEARCH_PATHS = (
					"$(inherited)",
					"@executable_path/Frameworks",
				);
				PRODUCT_BUNDLE_IDENTIFIER = ilgamfa.period;
				PRODUCT_NAME = "$(TARGET_NAME)";
				SWIFT_VERSION = 5.0;
				TARGETED_DEVICE_FAMILY = "1,2";
			};
			name = Debug;
		};
		BB9EBDB72685E0D700BD5CF5 /* Release */ = {
			isa = XCBuildConfiguration;
			buildSettings = {
				ASSETCATALOG_COMPILER_APPICON_NAME = AppIcon;
				ASSETCATALOG_COMPILER_GLOBAL_ACCENT_COLOR_NAME = AccentColor;
				CODE_SIGN_STYLE = Automatic;
				DEVELOPMENT_TEAM = 9U2BQ8RU3L;
				INFOPLIST_FILE = period/Info.plist;
				IPHONEOS_DEPLOYMENT_TARGET = 13.1;
				LD_RUNPATH_SEARCH_PATHS = (
					"$(inherited)",
					"@executable_path/Frameworks",
				);
				PRODUCT_BUNDLE_IDENTIFIER = ilgamfa.period;
				PRODUCT_NAME = "$(TARGET_NAME)";
				SWIFT_VERSION = 5.0;
				TARGETED_DEVICE_FAMILY = "1,2";
			};
			name = Release;
		};
/* End XCBuildConfiguration section */

/* Begin XCConfigurationList section */
		BB9EBD9C2685E0CD00BD5CF5 /* Build configuration list for PBXProject "period" */ = {
			isa = XCConfigurationList;
			buildConfigurations = (
				BB9EBDB32685E0D700BD5CF5 /* Debug */,
				BB9EBDB42685E0D700BD5CF5 /* Release */,
			);
			defaultConfigurationIsVisible = 0;
			defaultConfigurationName = Release;
		};
		BB9EBDB52685E0D700BD5CF5 /* Build configuration list for PBXNativeTarget "period" */ = {
			isa = XCConfigurationList;
			buildConfigurations = (
				BB9EBDB62685E0D700BD5CF5 /* Debug */,
				BB9EBDB72685E0D700BD5CF5 /* Release */,
			);
			defaultConfigurationIsVisible = 0;
			defaultConfigurationName = Release;
		};
/* End XCConfigurationList section */
	};
	rootObject = BB9EBD992685E0CD00BD5CF5 /* Project object */;
}
